PODS:
  - Realm (5.0.0):
    - Realm/Headers (= 5.0.0)
  - Realm/Headers (5.0.0)
  - RealmSwift (5.0.0):
    - Realm (= 5.0.0)

DEPENDENCIES:
  - RealmSwift (= 5.0.0)

SPEC REPOS:
  trunk:
    - Realm
    - RealmSwift

SPEC CHECKSUMS:
  Realm: 76066d333de26f97e9caedaa85ee3ff4a62ca265
  RealmSwift: c1bdff09b422569dc6881410d9ccf712bcdb79b0

PODFILE CHECKSUM: 0f440ef42bedfa23c32c6787f740f7364924eb58

COCOAPODS: 1.9.2
