// !$*UTF8*$!
{
	archiveVersion = 1;
	classes = {
	};
	objectVersion = 51;
	objects = {

/* Begin PBXBuildFile section */
		5B05734A2467F89E00497068 /* LocationViewController.swift in Sources */ = {isa = PBXBuildFile; fileRef = 5B0573492467F89E00497068 /* LocationViewController.swift */; };
		5B05734C246831A300497068 /* AccommodationCell.swift in Sources */ = {isa = PBXBuildFile; fileRef = 5B05734B246831A300497068 /* AccommodationCell.swift */; };
		5B05734E246874AE00497068 /* ContactCell.swift in Sources */ = {isa = PBXBuildFile; fileRef = 5B05734D246874AE00497068 /* ContactCell.swift */; };
		5B12AD3B244CDA3900597F04 /* SpeakersViewController.swift in Sources */ = {isa = PBXBuildFile; fileRef = 5B12AD3A244CDA3900597F04 /* SpeakersViewController.swift */; };
		5B12AD3D244CDDAA00597F04 /* OrganizersViewController.swift in Sources */ = {isa = PBXBuildFile; fileRef = 5B12AD3C244CDDA900597F04 /* OrganizersViewController.swift */; };
		5B12AD3F244CDE9000597F04 /* SponsorsViewController.swift in Sources */ = {isa = PBXBuildFile; fileRef = 5B12AD3E244CDE9000597F04 /* SponsorsViewController.swift */; };
		5B12AD41244CDEC100597F04 /* ConferenceRatingViewController.swift in Sources */ = {isa = PBXBuildFile; fileRef = 5B12AD40244CDEC100597F04 /* ConferenceRatingViewController.swift */; };
		5B12AD43244CDEF500597F04 /* ContactViewController.swift in Sources */ = {isa = PBXBuildFile; fileRef = 5B12AD42244CDEF500597F04 /* ContactViewController.swift */; };
		5B12AD45244CDF2100597F04 /* LocationTabBarViewController.swift in Sources */ = {isa = PBXBuildFile; fileRef = 5B12AD44244CDF2100597F04 /* LocationTabBarViewController.swift */; };
		5B2808522482537C00ED760E /* ConferenceRaitingEntity.swift in Sources */ = {isa = PBXBuildFile; fileRef = 5B28084C2482537A00ED760E /* ConferenceRaitingEntity.swift */; };
		5B2808532482537C00ED760E /* ConferenceMedicalPointInformationEntity.swift in Sources */ = {isa = PBXBuildFile; fileRef = 5B28084D2482537A00ED760E /* ConferenceMedicalPointInformationEntity.swift */; };
		5B2808542482537C00ED760E /* ConferenceAccommodationEntity.swift in Sources */ = {isa = PBXBuildFile; fileRef = 5B28084E2482537B00ED760E /* ConferenceAccommodationEntity.swift */; };
		5B2808552482537C00ED760E /* EmergencyNumbersEntity.swift in Sources */ = {isa = PBXBuildFile; fileRef = 5B28084F2482537B00ED760E /* EmergencyNumbersEntity.swift */; };
		5B2808562482537C00ED760E /* ConferenceEmergencyNumbersEntity.swift in Sources */ = {isa = PBXBuildFile; fileRef = 5B2808502482537C00ED760E /* ConferenceEmergencyNumbersEntity.swift */; };
		5B2808572482537C00ED760E /* ConferenceSponsorsEntity.swift in Sources */ = {isa = PBXBuildFile; fileRef = 5B2808512482537C00ED760E /* ConferenceSponsorsEntity.swift */; };
		5B28085C248253A100ED760E /* PresentationTypesEntity.swift in Sources */ = {isa = PBXBuildFile; fileRef = 5B280858248253A000ED760E /* PresentationTypesEntity.swift */; };
		5B28085D248253A100ED760E /* SpeakersPresentationsEntity.swift in Sources */ = {isa = PBXBuildFile; fileRef = 5B280859248253A000ED760E /* SpeakersPresentationsEntity.swift */; };
		5B28085E248253A100ED760E /* SpeakersPhotosEntity.swift in Sources */ = {isa = PBXBuildFile; fileRef = 5B28085A248253A000ED760E /* SpeakersPhotosEntity.swift */; };
		5B28085F248253A100ED760E /* PresentationRaitingEntity.swift in Sources */ = {isa = PBXBuildFile; fileRef = 5B28085B248253A100ED760E /* PresentationRaitingEntity.swift */; };
		5B28995D246072E300F5898A /* ConferencePlaceViewController.swift in Sources */ = {isa = PBXBuildFile; fileRef = 5B28995C246072E200F5898A /* ConferencePlaceViewController.swift */; };
		5B28995F2460738600F5898A /* ImportantPlacesViewController.swift in Sources */ = {isa = PBXBuildFile; fileRef = 5B28995E2460738600F5898A /* ImportantPlacesViewController.swift */; };
		5B2899612460740800F5898A /* AccommodationViewController.swift in Sources */ = {isa = PBXBuildFile; fileRef = 5B2899602460740800F5898A /* AccommodationViewController.swift */; };
		5B4705E524A49AC200FB45EE /* GlobalVariables.swift in Sources */ = {isa = PBXBuildFile; fileRef = 5B4705E424A49AC200FB45EE /* GlobalVariables.swift */; };
		5B4960F62423F2750037D3B9 /* AppDelegate.swift in Sources */ = {isa = PBXBuildFile; fileRef = 5B4960F52423F2750037D3B9 /* AppDelegate.swift */; };
		5B4960F82423F2750037D3B9 /* SceneDelegate.swift in Sources */ = {isa = PBXBuildFile; fileRef = 5B4960F72423F2750037D3B9 /* SceneDelegate.swift */; };
		5B4960FA2423F2750037D3B9 /* NewsViewController.swift in Sources */ = {isa = PBXBuildFile; fileRef = 5B4960F92423F2750037D3B9 /* NewsViewController.swift */; };
		5B4960FD2423F2750037D3B9 /* Main.storyboard in Resources */ = {isa = PBXBuildFile; fileRef = 5B4960FB2423F2750037D3B9 /* Main.storyboard */; };
		5B4960FF2423F2780037D3B9 /* Assets.xcassets in Resources */ = {isa = PBXBuildFile; fileRef = 5B4960FE2423F2780037D3B9 /* Assets.xcassets */; };
		5B4961022423F2780037D3B9 /* LaunchScreen.storyboard in Resources */ = {isa = PBXBuildFile; fileRef = 5B4961002423F2780037D3B9 /* LaunchScreen.storyboard */; };
		5B49610D2423F2780037D3B9 /* ComputerNetworksConferenceTests.swift in Sources */ = {isa = PBXBuildFile; fileRef = 5B49610C2423F2780037D3B9 /* ComputerNetworksConferenceTests.swift */; };
		5B4961182423F2780037D3B9 /* ComputerNetworksConferenceUITests.swift in Sources */ = {isa = PBXBuildFile; fileRef = 5B4961172423F2780037D3B9 /* ComputerNetworksConferenceUITests.swift */; };
		5B4C9ED2248036A600E86F73 /* ConferenceEntity.swift in Sources */ = {isa = PBXBuildFile; fileRef = 5B4C9ED1248036A600E86F73 /* ConferenceEntity.swift */; };
		5B563539243F2E2F00915529 /* AgendaCell.swift in Sources */ = {isa = PBXBuildFile; fileRef = 5B563538243F2E2F00915529 /* AgendaCell.swift */; };
		5B56353B243F8AD900915529 /* AgendaHeaderCell.swift in Sources */ = {isa = PBXBuildFile; fileRef = 5B56353A243F8AD900915529 /* AgendaHeaderCell.swift */; };
		5B70330E244C502D0040FC2A /* BuildingViewController.swift in Sources */ = {isa = PBXBuildFile; fileRef = 5B70330D244C502D0040FC2A /* BuildingViewController.swift */; };
		5B84253E2445FF90000EE795 /* EmergencyViewController.swift in Sources */ = {isa = PBXBuildFile; fileRef = 5B84253D2445FF90000EE795 /* EmergencyViewController.swift */; };
		5B84254024460160000EE795 /* EmergencyCell.swift in Sources */ = {isa = PBXBuildFile; fileRef = 5B84253F24460160000EE795 /* EmergencyCell.swift */; };
		5B8A14C824648FCE00063F5D /* ImportantPlacesCell.swift in Sources */ = {isa = PBXBuildFile; fileRef = 5B8A14C724648FCE00063F5D /* ImportantPlacesCell.swift */; };
		5B9B9D322451A5A2008CF7AE /* SpeakersCell.swift in Sources */ = {isa = PBXBuildFile; fileRef = 5B9B9D312451A5A2008CF7AE /* SpeakersCell.swift */; };
		5B9B9D342451A5EC008CF7AE /* SponsorsCell.swift in Sources */ = {isa = PBXBuildFile; fileRef = 5B9B9D332451A5EC008CF7AE /* SponsorsCell.swift */; };
		5BAA8CC1243CE36E004511E7 /* PhotoCell.swift in Sources */ = {isa = PBXBuildFile; fileRef = 5BAA8CC0243CE36E004511E7 /* PhotoCell.swift */; };
		5BB00FA324409B79005AC185 /* Colors.xcassets in Resources */ = {isa = PBXBuildFile; fileRef = 5BB00FA224409B79005AC185 /* Colors.xcassets */; };
		5BC0E878243DC178004F792C /* AgendaViewController.swift in Sources */ = {isa = PBXBuildFile; fileRef = 5BC0E877243DC178004F792C /* AgendaViewController.swift */; };
		5BC1A78C244A2FCA00FE96CF /* SideMenuModalDelegate.swift in Sources */ = {isa = PBXBuildFile; fileRef = 5BC1A78B244A2FCA00FE96CF /* SideMenuModalDelegate.swift */; };
		5BD6F49E24424CA4002055CA /* SlideInTransition.swift in Sources */ = {isa = PBXBuildFile; fileRef = 5BD6F49D24424CA4002055CA /* SlideInTransition.swift */; };
		5BD6F4A024425F17002055CA /* SideMenuViewController.swift in Sources */ = {isa = PBXBuildFile; fileRef = 5BD6F49F24425F17002055CA /* SideMenuViewController.swift */; };
		5BF1EBD12481358E00D5C2D6 /* AccomodationsEntity.swift in Sources */ = {isa = PBXBuildFile; fileRef = 5BF1EBD02481358E00D5C2D6 /* AccomodationsEntity.swift */; };
		5BF1EBD3248135B900D5C2D6 /* BuildingsPlansEntity.swift in Sources */ = {isa = PBXBuildFile; fileRef = 5BF1EBD2248135B900D5C2D6 /* BuildingsPlansEntity.swift */; };
		5BF1EBD72481360500D5C2D6 /* MedicalPointsEntity.swift in Sources */ = {isa = PBXBuildFile; fileRef = 5BF1EBD62481360500D5C2D6 /* MedicalPointsEntity.swift */; };
		5BF1EBD92481361D00D5C2D6 /* PresentationsEntity.swift in Sources */ = {isa = PBXBuildFile; fileRef = 5BF1EBD82481361D00D5C2D6 /* PresentationsEntity.swift */; };
		5BF1EBDD2481364F00D5C2D6 /* SpeakersEntity.swift in Sources */ = {isa = PBXBuildFile; fileRef = 5BF1EBDC2481364F00D5C2D6 /* SpeakersEntity.swift */; };
		5BF1EBDF2481366800D5C2D6 /* SponsorsEntity.swift in Sources */ = {isa = PBXBuildFile; fileRef = 5BF1EBDE2481366800D5C2D6 /* SponsorsEntity.swift */; };
		5BF1EBE12481367D00D5C2D6 /* UsersEntity.swift in Sources */ = {isa = PBXBuildFile; fileRef = 5BF1EBE02481367D00D5C2D6 /* UsersEntity.swift */; };
		5BF1EBE324813BB300D5C2D6 /* UsersTypesEntity.swift in Sources */ = {isa = PBXBuildFile; fileRef = 5BF1EBE224813BB300D5C2D6 /* UsersTypesEntity.swift */; };
		5BF1EBE924814E8900D5C2D6 /* PresentationRateCriterionsEntity.swift in Sources */ = {isa = PBXBuildFile; fileRef = 5BF1EBE824814E8900D5C2D6 /* PresentationRateCriterionsEntity.swift */; };
		5BF1EBEB24814F0200D5C2D6 /* PresentationRatesEntity.swift in Sources */ = {isa = PBXBuildFile; fileRef = 5BF1EBEA24814F0200D5C2D6 /* PresentationRatesEntity.swift */; };
		5BF1EBEF2481572400D5C2D6 /* MedicalPointInformationEntity.swift in Sources */ = {isa = PBXBuildFile; fileRef = 5BF1EBEE2481572400D5C2D6 /* MedicalPointInformationEntity.swift */; };
		5BF1EBF324815A8B00D5C2D6 /* ConferenceRateCriterionsEntity.swift in Sources */ = {isa = PBXBuildFile; fileRef = 5BF1EBF224815A8B00D5C2D6 /* ConferenceRateCriterionsEntity.swift */; };
		5BF1EBF524815AF500D5C2D6 /* ConferenceRatesEntity.swift in Sources */ = {isa = PBXBuildFile; fileRef = 5BF1EBF424815AF400D5C2D6 /* ConferenceRatesEntity.swift */; };
		5BF2B2812441D57E006EAA6A /* ButtonTableViewController.swift in Sources */ = {isa = PBXBuildFile; fileRef = 5BF2B2802441D57E006EAA6A /* ButtonTableViewController.swift */; };
		AED90AF1FA00FBB5B7EDDA1F /* Pods_ComputerNetworksConference.framework in Frameworks */ = {isa = PBXBuildFile; fileRef = 8D915E29030B9D473AFA0066 /* Pods_ComputerNetworksConference.framework */; };
/* End PBXBuildFile section */

/* Begin PBXContainerItemProxy section */
		5B4961092423F2780037D3B9 /* PBXContainerItemProxy */ = {
			isa = PBXContainerItemProxy;
			containerPortal = 5B4960EA2423F2750037D3B9 /* Project object */;
			proxyType = 1;
			remoteGlobalIDString = 5B4960F12423F2750037D3B9;
			remoteInfo = ComputerNetworksConference;
		};
		5B4961142423F2780037D3B9 /* PBXContainerItemProxy */ = {
			isa = PBXContainerItemProxy;
			containerPortal = 5B4960EA2423F2750037D3B9 /* Project object */;
			proxyType = 1;
			remoteGlobalIDString = 5B4960F12423F2750037D3B9;
			remoteInfo = ComputerNetworksConference;
		};
/* End PBXContainerItemProxy section */

/* Begin PBXFileReference section */
		5B0573492467F89E00497068 /* LocationViewController.swift */ = {isa = PBXFileReference; lastKnownFileType = sourcecode.swift; path = LocationViewController.swift; sourceTree = "<group>"; };
		5B05734B246831A300497068 /* AccommodationCell.swift */ = {isa = PBXFileReference; lastKnownFileType = sourcecode.swift; path = AccommodationCell.swift; sourceTree = "<group>"; };
		5B05734D246874AE00497068 /* ContactCell.swift */ = {isa = PBXFileReference; lastKnownFileType = sourcecode.swift; path = ContactCell.swift; sourceTree = "<group>"; };
		5B12AD3A244CDA3900597F04 /* SpeakersViewController.swift */ = {isa = PBXFileReference; lastKnownFileType = sourcecode.swift; path = SpeakersViewController.swift; sourceTree = "<group>"; };
		5B12AD3C244CDDA900597F04 /* OrganizersViewController.swift */ = {isa = PBXFileReference; lastKnownFileType = sourcecode.swift; path = OrganizersViewController.swift; sourceTree = "<group>"; };
		5B12AD3E244CDE9000597F04 /* SponsorsViewController.swift */ = {isa = PBXFileReference; lastKnownFileType = sourcecode.swift; path = SponsorsViewController.swift; sourceTree = "<group>"; };
		5B12AD40244CDEC100597F04 /* ConferenceRatingViewController.swift */ = {isa = PBXFileReference; lastKnownFileType = sourcecode.swift; path = ConferenceRatingViewController.swift; sourceTree = "<group>"; };
		5B12AD42244CDEF500597F04 /* ContactViewController.swift */ = {isa = PBXFileReference; lastKnownFileType = sourcecode.swift; path = ContactViewController.swift; sourceTree = "<group>"; };
		5B12AD44244CDF2100597F04 /* LocationTabBarViewController.swift */ = {isa = PBXFileReference; lastKnownFileType = sourcecode.swift; path = LocationTabBarViewController.swift; sourceTree = "<group>"; };
		5B28084C2482537A00ED760E /* ConferenceRaitingEntity.swift */ = {isa = PBXFileReference; fileEncoding = 4; lastKnownFileType = sourcecode.swift; path = ConferenceRaitingEntity.swift; sourceTree = "<group>"; };
		5B28084D2482537A00ED760E /* ConferenceMedicalPointInformationEntity.swift */ = {isa = PBXFileReference; fileEncoding = 4; lastKnownFileType = sourcecode.swift; path = ConferenceMedicalPointInformationEntity.swift; sourceTree = "<group>"; };
		5B28084E2482537B00ED760E /* ConferenceAccommodationEntity.swift */ = {isa = PBXFileReference; fileEncoding = 4; lastKnownFileType = sourcecode.swift; path = ConferenceAccommodationEntity.swift; sourceTree = "<group>"; };
		5B28084F2482537B00ED760E /* EmergencyNumbersEntity.swift */ = {isa = PBXFileReference; fileEncoding = 4; lastKnownFileType = sourcecode.swift; path = EmergencyNumbersEntity.swift; sourceTree = "<group>"; };
		5B2808502482537C00ED760E /* ConferenceEmergencyNumbersEntity.swift */ = {isa = PBXFileReference; fileEncoding = 4; lastKnownFileType = sourcecode.swift; path = ConferenceEmergencyNumbersEntity.swift; sourceTree = "<group>"; };
		5B2808512482537C00ED760E /* ConferenceSponsorsEntity.swift */ = {isa = PBXFileReference; fileEncoding = 4; lastKnownFileType = sourcecode.swift; path = ConferenceSponsorsEntity.swift; sourceTree = "<group>"; };
		5B280858248253A000ED760E /* PresentationTypesEntity.swift */ = {isa = PBXFileReference; fileEncoding = 4; lastKnownFileType = sourcecode.swift; path = PresentationTypesEntity.swift; sourceTree = "<group>"; };
		5B280859248253A000ED760E /* SpeakersPresentationsEntity.swift */ = {isa = PBXFileReference; fileEncoding = 4; lastKnownFileType = sourcecode.swift; path = SpeakersPresentationsEntity.swift; sourceTree = "<group>"; };
		5B28085A248253A000ED760E /* SpeakersPhotosEntity.swift */ = {isa = PBXFileReference; fileEncoding = 4; lastKnownFileType = sourcecode.swift; path = SpeakersPhotosEntity.swift; sourceTree = "<group>"; };
		5B28085B248253A100ED760E /* PresentationRaitingEntity.swift */ = {isa = PBXFileReference; fileEncoding = 4; lastKnownFileType = sourcecode.swift; path = PresentationRaitingEntity.swift; sourceTree = "<group>"; };
		5B28995C246072E200F5898A /* ConferencePlaceViewController.swift */ = {isa = PBXFileReference; lastKnownFileType = sourcecode.swift; path = ConferencePlaceViewController.swift; sourceTree = "<group>"; };
		5B28995E2460738600F5898A /* ImportantPlacesViewController.swift */ = {isa = PBXFileReference; lastKnownFileType = sourcecode.swift; path = ImportantPlacesViewController.swift; sourceTree = "<group>"; };
		5B2899602460740800F5898A /* AccommodationViewController.swift */ = {isa = PBXFileReference; lastKnownFileType = sourcecode.swift; path = AccommodationViewController.swift; sourceTree = "<group>"; };
		5B4705E424A49AC200FB45EE /* GlobalVariables.swift */ = {isa = PBXFileReference; lastKnownFileType = sourcecode.swift; path = GlobalVariables.swift; sourceTree = "<group>"; };
		5B4960F22423F2750037D3B9 /* ComputerNetworksConference.app */ = {isa = PBXFileReference; explicitFileType = wrapper.application; includeInIndex = 0; path = ComputerNetworksConference.app; sourceTree = BUILT_PRODUCTS_DIR; };
		5B4960F52423F2750037D3B9 /* AppDelegate.swift */ = {isa = PBXFileReference; lastKnownFileType = sourcecode.swift; path = AppDelegate.swift; sourceTree = "<group>"; };
		5B4960F72423F2750037D3B9 /* SceneDelegate.swift */ = {isa = PBXFileReference; lastKnownFileType = sourcecode.swift; path = SceneDelegate.swift; sourceTree = "<group>"; };
		5B4960F92423F2750037D3B9 /* NewsViewController.swift */ = {isa = PBXFileReference; lastKnownFileType = sourcecode.swift; path = NewsViewController.swift; sourceTree = "<group>"; };
		5B4960FC2423F2750037D3B9 /* Base */ = {isa = PBXFileReference; lastKnownFileType = file.storyboard; name = Base; path = Base.lproj/Main.storyboard; sourceTree = "<group>"; };
		5B4960FE2423F2780037D3B9 /* Assets.xcassets */ = {isa = PBXFileReference; lastKnownFileType = folder.assetcatalog; path = Assets.xcassets; sourceTree = "<group>"; };
		5B4961012423F2780037D3B9 /* Base */ = {isa = PBXFileReference; lastKnownFileType = file.storyboard; name = Base; path = Base.lproj/LaunchScreen.storyboard; sourceTree = "<group>"; };
		5B4961032423F2780037D3B9 /* Info.plist */ = {isa = PBXFileReference; lastKnownFileType = text.plist.xml; path = Info.plist; sourceTree = "<group>"; };
		5B4961082423F2780037D3B9 /* ComputerNetworksConferenceTests.xctest */ = {isa = PBXFileReference; explicitFileType = wrapper.cfbundle; includeInIndex = 0; path = ComputerNetworksConferenceTests.xctest; sourceTree = BUILT_PRODUCTS_DIR; };
		5B49610C2423F2780037D3B9 /* ComputerNetworksConferenceTests.swift */ = {isa = PBXFileReference; lastKnownFileType = sourcecode.swift; path = ComputerNetworksConferenceTests.swift; sourceTree = "<group>"; };
		5B49610E2423F2780037D3B9 /* Info.plist */ = {isa = PBXFileReference; lastKnownFileType = text.plist.xml; path = Info.plist; sourceTree = "<group>"; };
		5B4961132423F2780037D3B9 /* ComputerNetworksConferenceUITests.xctest */ = {isa = PBXFileReference; explicitFileType = wrapper.cfbundle; includeInIndex = 0; path = ComputerNetworksConferenceUITests.xctest; sourceTree = BUILT_PRODUCTS_DIR; };
		5B4961172423F2780037D3B9 /* ComputerNetworksConferenceUITests.swift */ = {isa = PBXFileReference; lastKnownFileType = sourcecode.swift; path = ComputerNetworksConferenceUITests.swift; sourceTree = "<group>"; };
		5B4961192423F2780037D3B9 /* Info.plist */ = {isa = PBXFileReference; lastKnownFileType = text.plist.xml; path = Info.plist; sourceTree = "<group>"; };
		5B4C9ED1248036A600E86F73 /* ConferenceEntity.swift */ = {isa = PBXFileReference; lastKnownFileType = sourcecode.swift; path = ConferenceEntity.swift; sourceTree = "<group>"; };
		5B563538243F2E2F00915529 /* AgendaCell.swift */ = {isa = PBXFileReference; lastKnownFileType = sourcecode.swift; path = AgendaCell.swift; sourceTree = "<group>"; };
		5B56353A243F8AD900915529 /* AgendaHeaderCell.swift */ = {isa = PBXFileReference; lastKnownFileType = sourcecode.swift; path = AgendaHeaderCell.swift; sourceTree = "<group>"; };
		5B70330D244C502D0040FC2A /* BuildingViewController.swift */ = {isa = PBXFileReference; lastKnownFileType = sourcecode.swift; path = BuildingViewController.swift; sourceTree = "<group>"; };
		5B84253D2445FF90000EE795 /* EmergencyViewController.swift */ = {isa = PBXFileReference; lastKnownFileType = sourcecode.swift; path = EmergencyViewController.swift; sourceTree = "<group>"; };
		5B84253F24460160000EE795 /* EmergencyCell.swift */ = {isa = PBXFileReference; lastKnownFileType = sourcecode.swift; path = EmergencyCell.swift; sourceTree = "<group>"; };
		5B8A14C724648FCE00063F5D /* ImportantPlacesCell.swift */ = {isa = PBXFileReference; lastKnownFileType = sourcecode.swift; path = ImportantPlacesCell.swift; sourceTree = "<group>"; };
		5B9B9D312451A5A2008CF7AE /* SpeakersCell.swift */ = {isa = PBXFileReference; lastKnownFileType = sourcecode.swift; path = SpeakersCell.swift; sourceTree = "<group>"; };
		5B9B9D332451A5EC008CF7AE /* SponsorsCell.swift */ = {isa = PBXFileReference; lastKnownFileType = sourcecode.swift; path = SponsorsCell.swift; sourceTree = "<group>"; };
		5BAA8CC0243CE36E004511E7 /* PhotoCell.swift */ = {isa = PBXFileReference; lastKnownFileType = sourcecode.swift; path = PhotoCell.swift; sourceTree = "<group>"; };
		5BB00FA224409B79005AC185 /* Colors.xcassets */ = {isa = PBXFileReference; lastKnownFileType = folder.assetcatalog; path = Colors.xcassets; sourceTree = "<group>"; };
		5BC0E877243DC178004F792C /* AgendaViewController.swift */ = {isa = PBXFileReference; lastKnownFileType = sourcecode.swift; path = AgendaViewController.swift; sourceTree = "<group>"; };
		5BC1A78B244A2FCA00FE96CF /* SideMenuModalDelegate.swift */ = {isa = PBXFileReference; lastKnownFileType = sourcecode.swift; path = SideMenuModalDelegate.swift; sourceTree = "<group>"; };
		5BD6F49D24424CA4002055CA /* SlideInTransition.swift */ = {isa = PBXFileReference; lastKnownFileType = sourcecode.swift; path = SlideInTransition.swift; sourceTree = "<group>"; };
		5BD6F49F24425F17002055CA /* SideMenuViewController.swift */ = {isa = PBXFileReference; lastKnownFileType = sourcecode.swift; path = SideMenuViewController.swift; sourceTree = "<group>"; };
		5BF1EBD02481358E00D5C2D6 /* AccomodationsEntity.swift */ = {isa = PBXFileReference; lastKnownFileType = sourcecode.swift; path = AccomodationsEntity.swift; sourceTree = "<group>"; };
		5BF1EBD2248135B900D5C2D6 /* BuildingsPlansEntity.swift */ = {isa = PBXFileReference; lastKnownFileType = sourcecode.swift; path = BuildingsPlansEntity.swift; sourceTree = "<group>"; };
		5BF1EBD62481360500D5C2D6 /* MedicalPointsEntity.swift */ = {isa = PBXFileReference; lastKnownFileType = sourcecode.swift; path = MedicalPointsEntity.swift; sourceTree = "<group>"; };
		5BF1EBD82481361D00D5C2D6 /* PresentationsEntity.swift */ = {isa = PBXFileReference; lastKnownFileType = sourcecode.swift; path = PresentationsEntity.swift; sourceTree = "<group>"; };
		5BF1EBDC2481364F00D5C2D6 /* SpeakersEntity.swift */ = {isa = PBXFileReference; lastKnownFileType = sourcecode.swift; path = SpeakersEntity.swift; sourceTree = "<group>"; };
		5BF1EBDE2481366800D5C2D6 /* SponsorsEntity.swift */ = {isa = PBXFileReference; lastKnownFileType = sourcecode.swift; path = SponsorsEntity.swift; sourceTree = "<group>"; };
		5BF1EBE02481367D00D5C2D6 /* UsersEntity.swift */ = {isa = PBXFileReference; lastKnownFileType = sourcecode.swift; path = UsersEntity.swift; sourceTree = "<group>"; };
		5BF1EBE224813BB300D5C2D6 /* UsersTypesEntity.swift */ = {isa = PBXFileReference; lastKnownFileType = sourcecode.swift; path = UsersTypesEntity.swift; sourceTree = "<group>"; };
		5BF1EBE824814E8900D5C2D6 /* PresentationRateCriterionsEntity.swift */ = {isa = PBXFileReference; lastKnownFileType = sourcecode.swift; path = PresentationRateCriterionsEntity.swift; sourceTree = "<group>"; };
		5BF1EBEA24814F0200D5C2D6 /* PresentationRatesEntity.swift */ = {isa = PBXFileReference; lastKnownFileType = sourcecode.swift; path = PresentationRatesEntity.swift; sourceTree = "<group>"; };
		5BF1EBEE2481572400D5C2D6 /* MedicalPointInformationEntity.swift */ = {isa = PBXFileReference; lastKnownFileType = sourcecode.swift; path = MedicalPointInformationEntity.swift; sourceTree = "<group>"; };
		5BF1EBF224815A8B00D5C2D6 /* ConferenceRateCriterionsEntity.swift */ = {isa = PBXFileReference; lastKnownFileType = sourcecode.swift; path = ConferenceRateCriterionsEntity.swift; sourceTree = "<group>"; };
		5BF1EBF424815AF400D5C2D6 /* ConferenceRatesEntity.swift */ = {isa = PBXFileReference; lastKnownFileType = sourcecode.swift; path = ConferenceRatesEntity.swift; sourceTree = "<group>"; };
		5BF2B2802441D57E006EAA6A /* ButtonTableViewController.swift */ = {isa = PBXFileReference; lastKnownFileType = sourcecode.swift; path = ButtonTableViewController.swift; sourceTree = "<group>"; };
		858315FF260231CE2F70DD94 /* Pods-ComputerNetworksConference.release.xcconfig */ = {isa = PBXFileReference; includeInIndex = 1; lastKnownFileType = text.xcconfig; name = "Pods-ComputerNetworksConference.release.xcconfig"; path = "Target Support Files/Pods-ComputerNetworksConference/Pods-ComputerNetworksConference.release.xcconfig"; sourceTree = "<group>"; };
		8D915E29030B9D473AFA0066 /* Pods_ComputerNetworksConference.framework */ = {isa = PBXFileReference; explicitFileType = wrapper.framework; includeInIndex = 0; path = Pods_ComputerNetworksConference.framework; sourceTree = BUILT_PRODUCTS_DIR; };
		BF80D299D7D8A7B11FB8B1B4 /* Pods-ComputerNetworksConference.debug.xcconfig */ = {isa = PBXFileReference; includeInIndex = 1; lastKnownFileType = text.xcconfig; name = "Pods-ComputerNetworksConference.debug.xcconfig"; path = "Target Support Files/Pods-ComputerNetworksConference/Pods-ComputerNetworksConference.debug.xcconfig"; sourceTree = "<group>"; };
/* End PBXFileReference section */

/* Begin PBXFrameworksBuildPhase section */
		5B4960EF2423F2750037D3B9 /* Frameworks */ = {
			isa = PBXFrameworksBuildPhase;
			buildActionMask = 2147483647;
			files = (
				AED90AF1FA00FBB5B7EDDA1F /* Pods_ComputerNetworksConference.framework in Frameworks */,
			);
			runOnlyForDeploymentPostprocessing = 0;
		};
		5B4961052423F2780037D3B9 /* Frameworks */ = {
			isa = PBXFrameworksBuildPhase;
			buildActionMask = 2147483647;
			files = (
			);
			runOnlyForDeploymentPostprocessing = 0;
		};
		5B4961102423F2780037D3B9 /* Frameworks */ = {
			isa = PBXFrameworksBuildPhase;
			buildActionMask = 2147483647;
			files = (
			);
			runOnlyForDeploymentPostprocessing = 0;
		};
/* End PBXFrameworksBuildPhase section */

/* Begin PBXGroup section */
		3D9F4276603890EBAB06496A /* Frameworks */ = {
			isa = PBXGroup;
			children = (
				8D915E29030B9D473AFA0066 /* Pods_ComputerNetworksConference.framework */,
			);
			name = Frameworks;
			sourceTree = "<group>";
		};
		51F45B04BD6DE1F7AD304E92 /* Pods */ = {
			isa = PBXGroup;
			children = (
				BF80D299D7D8A7B11FB8B1B4 /* Pods-ComputerNetworksConference.debug.xcconfig */,
				858315FF260231CE2F70DD94 /* Pods-ComputerNetworksConference.release.xcconfig */,
			);
			path = Pods;
			sourceTree = "<group>";
		};
		5B12AD34244CD94D00597F04 /* organizers */ = {
			isa = PBXGroup;
			children = (
				5B12AD3C244CDDA900597F04 /* OrganizersViewController.swift */,
			);
			path = organizers;
			sourceTree = "<group>";
		};
		5B12AD35244CD99600597F04 /* speakers */ = {
			isa = PBXGroup;
			children = (
				5B12AD3A244CDA3900597F04 /* SpeakersViewController.swift */,
				5B9B9D312451A5A2008CF7AE /* SpeakersCell.swift */,
			);
			path = speakers;
			sourceTree = "<group>";
		};
		5B12AD36244CD9B300597F04 /* location */ = {
			isa = PBXGroup;
			children = (
				5B12AD44244CDF2100597F04 /* LocationTabBarViewController.swift */,
				5B0573492467F89E00497068 /* LocationViewController.swift */,
			);
			path = location;
			sourceTree = "<group>";
		};
		5B12AD37244CD9BF00597F04 /* contact */ = {
			isa = PBXGroup;
			children = (
				5B12AD42244CDEF500597F04 /* ContactViewController.swift */,
				5B05734D246874AE00497068 /* ContactCell.swift */,
			);
			path = contact;
			sourceTree = "<group>";
		};
		5B12AD38244CD9C900597F04 /* conferenceRating */ = {
			isa = PBXGroup;
			children = (
				5B12AD40244CDEC100597F04 /* ConferenceRatingViewController.swift */,
			);
			path = conferenceRating;
			sourceTree = "<group>";
		};
		5B12AD39244CD9DA00597F04 /* sponsors */ = {
			isa = PBXGroup;
			children = (
				5B12AD3E244CDE9000597F04 /* SponsorsViewController.swift */,
				5B9B9D332451A5EC008CF7AE /* SponsorsCell.swift */,
			);
			path = sponsors;
			sourceTree = "<group>";
		};
		5B28995824606EB700F5898A /* screens */ = {
			isa = PBXGroup;
			children = (
				5B28995B24606FA500F5898A /* conferencePlace */,
				5B28995A24606F5800F5898A /* importantPlaces */,
				5B28995924606F1200F5898A /* accommodation */,
			);
			path = screens;
			sourceTree = "<group>";
		};
		5B28995924606F1200F5898A /* accommodation */ = {
			isa = PBXGroup;
			children = (
				5B2899602460740800F5898A /* AccommodationViewController.swift */,
				5B05734B246831A300497068 /* AccommodationCell.swift */,
			);
			path = accommodation;
			sourceTree = "<group>";
		};
		5B28995A24606F5800F5898A /* importantPlaces */ = {
			isa = PBXGroup;
			children = (
				5B28995E2460738600F5898A /* ImportantPlacesViewController.swift */,
				5B8A14C724648FCE00063F5D /* ImportantPlacesCell.swift */,
			);
			path = importantPlaces;
			sourceTree = "<group>";
		};
		5B28995B24606FA500F5898A /* conferencePlace */ = {
			isa = PBXGroup;
			children = (
				5B28995C246072E200F5898A /* ConferencePlaceViewController.swift */,
			);
			path = conferencePlace;
			sourceTree = "<group>";
		};
		5B4960E92423F2750037D3B9 = {
			isa = PBXGroup;
			children = (
				5B4960F42423F2750037D3B9 /* ComputerNetworksConference */,
				5B49610B2423F2780037D3B9 /* ComputerNetworksConferenceTests */,
				5B4961162423F2780037D3B9 /* ComputerNetworksConferenceUITests */,
				5B4960F32423F2750037D3B9 /* Products */,
				51F45B04BD6DE1F7AD304E92 /* Pods */,
				3D9F4276603890EBAB06496A /* Frameworks */,
			);
			sourceTree = "<group>";
		};
		5B4960F32423F2750037D3B9 /* Products */ = {
			isa = PBXGroup;
			children = (
				5B4960F22423F2750037D3B9 /* ComputerNetworksConference.app */,
				5B4961082423F2780037D3B9 /* ComputerNetworksConferenceTests.xctest */,
				5B4961132423F2780037D3B9 /* ComputerNetworksConferenceUITests.xctest */,
			);
			name = Products;
			sourceTree = "<group>";
		};
		5B4960F42423F2750037D3B9 /* ComputerNetworksConference */ = {
			isa = PBXGroup;
			children = (
				5B4C9ED02480362300E86F73 /* models */,
				5BDCA572243CDAE900D73C3D /* screens */,
				5B4960F52423F2750037D3B9 /* AppDelegate.swift */,
				5B4960F72423F2750037D3B9 /* SceneDelegate.swift */,
				5B4960FB2423F2750037D3B9 /* Main.storyboard */,
				5B4961002423F2780037D3B9 /* LaunchScreen.storyboard */,
				5B4961032423F2780037D3B9 /* Info.plist */,
				5B4960FE2423F2780037D3B9 /* Assets.xcassets */,
				5BB00FA224409B79005AC185 /* Colors.xcassets */,
			);
			path = ComputerNetworksConference;
			sourceTree = "<group>";
		};
		5B49610B2423F2780037D3B9 /* ComputerNetworksConferenceTests */ = {
			isa = PBXGroup;
			children = (
				5B49610C2423F2780037D3B9 /* ComputerNetworksConferenceTests.swift */,
				5B49610E2423F2780037D3B9 /* Info.plist */,
			);
			path = ComputerNetworksConferenceTests;
			sourceTree = "<group>";
		};
		5B4961162423F2780037D3B9 /* ComputerNetworksConferenceUITests */ = {
			isa = PBXGroup;
			children = (
				5B4961172423F2780037D3B9 /* ComputerNetworksConferenceUITests.swift */,
				5B4961192423F2780037D3B9 /* Info.plist */,
			);
			path = ComputerNetworksConferenceUITests;
			sourceTree = "<group>";
		};
		5B4C9ED02480362300E86F73 /* models */ = {
			isa = PBXGroup;
			children = (
				5B28085B248253A100ED760E /* PresentationRaitingEntity.swift */,
				5B280858248253A000ED760E /* PresentationTypesEntity.swift */,
				5B28085A248253A000ED760E /* SpeakersPhotosEntity.swift */,
				5B280859248253A000ED760E /* SpeakersPresentationsEntity.swift */,
				5B28084E2482537B00ED760E /* ConferenceAccommodationEntity.swift */,
				5B2808502482537C00ED760E /* ConferenceEmergencyNumbersEntity.swift */,
				5B28084D2482537A00ED760E /* ConferenceMedicalPointInformationEntity.swift */,
				5B28084C2482537A00ED760E /* ConferenceRaitingEntity.swift */,
				5B2808512482537C00ED760E /* ConferenceSponsorsEntity.swift */,
				5B28084F2482537B00ED760E /* EmergencyNumbersEntity.swift */,
				5BF1EBD02481358E00D5C2D6 /* AccomodationsEntity.swift */,
				5BF1EBD2248135B900D5C2D6 /* BuildingsPlansEntity.swift */,
				5B4C9ED1248036A600E86F73 /* ConferenceEntity.swift */,
				5BF1EBF424815AF400D5C2D6 /* ConferenceRatesEntity.swift */,
				5BF1EBF224815A8B00D5C2D6 /* ConferenceRateCriterionsEntity.swift */,
				5BF1EBD62481360500D5C2D6 /* MedicalPointsEntity.swift */,
				5BF1EBEE2481572400D5C2D6 /* MedicalPointInformationEntity.swift */,
				5BF1EBD82481361D00D5C2D6 /* PresentationsEntity.swift */,
				5BF1EBEA24814F0200D5C2D6 /* PresentationRatesEntity.swift */,
				5BF1EBE824814E8900D5C2D6 /* PresentationRateCriterionsEntity.swift */,
				5BF1EBDC2481364F00D5C2D6 /* SpeakersEntity.swift */,
				5BF1EBDE2481366800D5C2D6 /* SponsorsEntity.swift */,
				5BF1EBE02481367D00D5C2D6 /* UsersEntity.swift */,
				5BF1EBE224813BB300D5C2D6 /* UsersTypesEntity.swift */,
				5B4705E424A49AC200FB45EE /* GlobalVariables.swift */,
			);
			path = models;
			sourceTree = "<group>";
		};
		5B70330C244C4F390040FC2A /* building */ = {
			isa = PBXGroup;
			children = (
				5B70330D244C502D0040FC2A /* BuildingViewController.swift */,
			);
			path = building;
			sourceTree = "<group>";
		};
		5B84253C2445FF18000EE795 /* emergency */ = {
			isa = PBXGroup;
			children = (
				5B84253D2445FF90000EE795 /* EmergencyViewController.swift */,
				5B84253F24460160000EE795 /* EmergencyCell.swift */,
			);
			path = emergency;
			sourceTree = "<group>";
		};
		5BC0E876243DC146004F792C /* agenda */ = {
			isa = PBXGroup;
			children = (
				5BC0E877243DC178004F792C /* AgendaViewController.swift */,
				5B563538243F2E2F00915529 /* AgendaCell.swift */,
				5B56353A243F8AD900915529 /* AgendaHeaderCell.swift */,
			);
			path = agenda;
			sourceTree = "<group>";
		};
		5BDCA572243CDAE900D73C3D /* screens */ = {
			isa = PBXGroup;
			children = (
				5B12AD34244CD94D00597F04 /* organizers */,
				5B12AD35244CD99600597F04 /* speakers */,
				5B12AD39244CD9DA00597F04 /* sponsors */,
				5B12AD38244CD9C900597F04 /* conferenceRating */,
				5B12AD37244CD9BF00597F04 /* contact */,
				5B12AD36244CD9B300597F04 /* location */,
				5B70330C244C4F390040FC2A /* building */,
				5B84253C2445FF18000EE795 /* emergency */,
				5BC0E876243DC146004F792C /* agenda */,
				5BDCA573243CDAF200D73C3D /* news */,
				5BF2B27F2441D535006EAA6A /* sideMenu */,
			);
			path = screens;
			sourceTree = "<group>";
		};
		5BDCA573243CDAF200D73C3D /* news */ = {
			isa = PBXGroup;
			children = (
				5B4960F92423F2750037D3B9 /* NewsViewController.swift */,
				5BAA8CC0243CE36E004511E7 /* PhotoCell.swift */,
			);
			path = news;
			sourceTree = "<group>";
		};
		5BF2B27F2441D535006EAA6A /* sideMenu */ = {
			isa = PBXGroup;
			children = (
				5B28995824606EB700F5898A /* screens */,
				5BF2B2802441D57E006EAA6A /* ButtonTableViewController.swift */,
				5BD6F49D24424CA4002055CA /* SlideInTransition.swift */,
				5BD6F49F24425F17002055CA /* SideMenuViewController.swift */,
				5BC1A78B244A2FCA00FE96CF /* SideMenuModalDelegate.swift */,
			);
			path = sideMenu;
			sourceTree = "<group>";
		};
/* End PBXGroup section */

/* Begin PBXNativeTarget section */
		5B4960F12423F2750037D3B9 /* ComputerNetworksConference */ = {
			isa = PBXNativeTarget;
			buildConfigurationList = 5B49611C2423F2780037D3B9 /* Build configuration list for PBXNativeTarget "ComputerNetworksConference" */;
			buildPhases = (
				716FAE1AFD5AC14121EE730C /* [CP] Check Pods Manifest.lock */,
				5B4960EE2423F2750037D3B9 /* Sources */,
				5B4960EF2423F2750037D3B9 /* Frameworks */,
				5B4960F02423F2750037D3B9 /* Resources */,
				DEBE6CDBD55BD00447118F17 /* [CP] Embed Pods Frameworks */,
			);
			buildRules = (
			);
			dependencies = (
			);
			name = ComputerNetworksConference;
			productName = ComputerNetworksConference;
			productReference = 5B4960F22423F2750037D3B9 /* ComputerNetworksConference.app */;
			productType = "com.apple.product-type.application";
		};
		5B4961072423F2780037D3B9 /* ComputerNetworksConferenceTests */ = {
			isa = PBXNativeTarget;
			buildConfigurationList = 5B49611F2423F2780037D3B9 /* Build configuration list for PBXNativeTarget "ComputerNetworksConferenceTests" */;
			buildPhases = (
				5B4961042423F2780037D3B9 /* Sources */,
				5B4961052423F2780037D3B9 /* Frameworks */,
				5B4961062423F2780037D3B9 /* Resources */,
			);
			buildRules = (
			);
			dependencies = (
				5B49610A2423F2780037D3B9 /* PBXTargetDependency */,
			);
			name = ComputerNetworksConferenceTests;
			productName = ComputerNetworksConferenceTests;
			productReference = 5B4961082423F2780037D3B9 /* ComputerNetworksConferenceTests.xctest */;
			productType = "com.apple.product-type.bundle.unit-test";
		};
		5B4961122423F2780037D3B9 /* ComputerNetworksConferenceUITests */ = {
			isa = PBXNativeTarget;
			buildConfigurationList = 5B4961222423F2780037D3B9 /* Build configuration list for PBXNativeTarget "ComputerNetworksConferenceUITests" */;
			buildPhases = (
				5B49610F2423F2780037D3B9 /* Sources */,
				5B4961102423F2780037D3B9 /* Frameworks */,
				5B4961112423F2780037D3B9 /* Resources */,
			);
			buildRules = (
			);
			dependencies = (
				5B4961152423F2780037D3B9 /* PBXTargetDependency */,
			);
			name = ComputerNetworksConferenceUITests;
			productName = ComputerNetworksConferenceUITests;
			productReference = 5B4961132423F2780037D3B9 /* ComputerNetworksConferenceUITests.xctest */;
			productType = "com.apple.product-type.bundle.ui-testing";
		};
/* End PBXNativeTarget section */

/* Begin PBXProject section */
		5B4960EA2423F2750037D3B9 /* Project object */ = {
			isa = PBXProject;
			attributes = {
				LastSwiftUpdateCheck = 1130;
				LastUpgradeCheck = 1130;
				ORGANIZATIONNAME = OtherCoders;
				TargetAttributes = {
					5B4960F12423F2750037D3B9 = {
						CreatedOnToolsVersion = 11.3.1;
					};
					5B4961072423F2780037D3B9 = {
						CreatedOnToolsVersion = 11.3.1;
						TestTargetID = 5B4960F12423F2750037D3B9;
					};
					5B4961122423F2780037D3B9 = {
						CreatedOnToolsVersion = 11.3.1;
						TestTargetID = 5B4960F12423F2750037D3B9;
					};
				};
			};
			buildConfigurationList = 5B4960ED2423F2750037D3B9 /* Build configuration list for PBXProject "ComputerNetworksConference" */;
			compatibilityVersion = "Xcode 9.3";
			developmentRegion = en;
			hasScannedForEncodings = 0;
			knownRegions = (
				en,
				Base,
			);
			mainGroup = 5B4960E92423F2750037D3B9;
			productRefGroup = 5B4960F32423F2750037D3B9 /* Products */;
			projectDirPath = "";
			projectRoot = "";
			targets = (
				5B4960F12423F2750037D3B9 /* ComputerNetworksConference */,
				5B4961072423F2780037D3B9 /* ComputerNetworksConferenceTests */,
				5B4961122423F2780037D3B9 /* ComputerNetworksConferenceUITests */,
			);
		};
/* End PBXProject section */

/* Begin PBXResourcesBuildPhase section */
		5B4960F02423F2750037D3B9 /* Resources */ = {
			isa = PBXResourcesBuildPhase;
			buildActionMask = 2147483647;
			files = (
				5B4961022423F2780037D3B9 /* LaunchScreen.storyboard in Resources */,
				5BB00FA324409B79005AC185 /* Colors.xcassets in Resources */,
				5B4960FF2423F2780037D3B9 /* Assets.xcassets in Resources */,
				5B4960FD2423F2750037D3B9 /* Main.storyboard in Resources */,
			);
			runOnlyForDeploymentPostprocessing = 0;
		};
		5B4961062423F2780037D3B9 /* Resources */ = {
			isa = PBXResourcesBuildPhase;
			buildActionMask = 2147483647;
			files = (
			);
			runOnlyForDeploymentPostprocessing = 0;
		};
		5B4961112423F2780037D3B9 /* Resources */ = {
			isa = PBXResourcesBuildPhase;
			buildActionMask = 2147483647;
			files = (
			);
			runOnlyForDeploymentPostprocessing = 0;
		};
/* End PBXResourcesBuildPhase section */

/* Begin PBXShellScriptBuildPhase section */
		716FAE1AFD5AC14121EE730C /* [CP] Check Pods Manifest.lock */ = {
			isa = PBXShellScriptBuildPhase;
			buildActionMask = 2147483647;
			files = (
			);
			inputFileListPaths = (
			);
			inputPaths = (
				"${PODS_PODFILE_DIR_PATH}/Podfile.lock",
				"${PODS_ROOT}/Manifest.lock",
			);
			name = "[CP] Check Pods Manifest.lock";
			outputFileListPaths = (
			);
			outputPaths = (
				"$(DERIVED_FILE_DIR)/Pods-ComputerNetworksConference-checkManifestLockResult.txt",
			);
			runOnlyForDeploymentPostprocessing = 0;
			shellPath = /bin/sh;
			shellScript = "diff \"${PODS_PODFILE_DIR_PATH}/Podfile.lock\" \"${PODS_ROOT}/Manifest.lock\" > /dev/null\nif [ $? != 0 ] ; then\n    # print error to STDERR\n    echo \"error: The sandbox is not in sync with the Podfile.lock. Run 'pod install' or update your CocoaPods installation.\" >&2\n    exit 1\nfi\n# This output is used by Xcode 'outputs' to avoid re-running this script phase.\necho \"SUCCESS\" > \"${SCRIPT_OUTPUT_FILE_0}\"\n";
			showEnvVarsInLog = 0;
		};
		DEBE6CDBD55BD00447118F17 /* [CP] Embed Pods Frameworks */ = {
			isa = PBXShellScriptBuildPhase;
			buildActionMask = 2147483647;
			files = (
			);
			inputFileListPaths = (
				"${PODS_ROOT}/Target Support Files/Pods-ComputerNetworksConference/Pods-ComputerNetworksConference-frameworks-${CONFIGURATION}-input-files.xcfilelist",
			);
			name = "[CP] Embed Pods Frameworks";
			outputFileListPaths = (
				"${PODS_ROOT}/Target Support Files/Pods-ComputerNetworksConference/Pods-ComputerNetworksConference-frameworks-${CONFIGURATION}-output-files.xcfilelist",
			);
			runOnlyForDeploymentPostprocessing = 0;
			shellPath = /bin/sh;
			shellScript = "\"${PODS_ROOT}/Target Support Files/Pods-ComputerNetworksConference/Pods-ComputerNetworksConference-frameworks.sh\"\n";
			showEnvVarsInLog = 0;
		};
/* End PBXShellScriptBuildPhase section */

/* Begin PBXSourcesBuildPhase section */
		5B4960EE2423F2750037D3B9 /* Sources */ = {
			isa = PBXSourcesBuildPhase;
			buildActionMask = 2147483647;
			files = (
				5BD6F49E24424CA4002055CA /* SlideInTransition.swift in Sources */,
				5BF1EBF324815A8B00D5C2D6 /* ConferenceRateCriterionsEntity.swift in Sources */,
				5BAA8CC1243CE36E004511E7 /* PhotoCell.swift in Sources */,
				5B8A14C824648FCE00063F5D /* ImportantPlacesCell.swift in Sources */,
				5B12AD43244CDEF500597F04 /* ContactViewController.swift in Sources */,
				5BF1EBD72481360500D5C2D6 /* MedicalPointsEntity.swift in Sources */,
				5BF1EBE324813BB300D5C2D6 /* UsersTypesEntity.swift in Sources */,
				5B2808572482537C00ED760E /* ConferenceSponsorsEntity.swift in Sources */,
				5B563539243F2E2F00915529 /* AgendaCell.swift in Sources */,
				5B12AD41244CDEC100597F04 /* ConferenceRatingViewController.swift in Sources */,
				5B05734A2467F89E00497068 /* LocationViewController.swift in Sources */,
				5B9B9D322451A5A2008CF7AE /* SpeakersCell.swift in Sources */,
				5B12AD3B244CDA3900597F04 /* SpeakersViewController.swift in Sources */,
				5B4960FA2423F2750037D3B9 /* NewsViewController.swift in Sources */,
				5BF2B2812441D57E006EAA6A /* ButtonTableViewController.swift in Sources */,
				5B05734E246874AE00497068 /* ContactCell.swift in Sources */,
				5B2899612460740800F5898A /* AccommodationViewController.swift in Sources */,
				5B05734C246831A300497068 /* AccommodationCell.swift in Sources */,
				5B2808562482537C00ED760E /* ConferenceEmergencyNumbersEntity.swift in Sources */,
				5BF1EBD3248135B900D5C2D6 /* BuildingsPlansEntity.swift in Sources */,
				5B12AD3F244CDE9000597F04 /* SponsorsViewController.swift in Sources */,
				5B28085E248253A100ED760E /* SpeakersPhotosEntity.swift in Sources */,
				5B28995D246072E300F5898A /* ConferencePlaceViewController.swift in Sources */,
				5B28995F2460738600F5898A /* ImportantPlacesViewController.swift in Sources */,
				5BC0E878243DC178004F792C /* AgendaViewController.swift in Sources */,
				5BF1EBE12481367D00D5C2D6 /* UsersEntity.swift in Sources */,
				5B70330E244C502D0040FC2A /* BuildingViewController.swift in Sources */,
				5B56353B243F8AD900915529 /* AgendaHeaderCell.swift in Sources */,
				5B2808542482537C00ED760E /* ConferenceAccommodationEntity.swift in Sources */,
				5B28085F248253A100ED760E /* PresentationRaitingEntity.swift in Sources */,
				5B4705E524A49AC200FB45EE /* GlobalVariables.swift in Sources */,
				5BF1EBD92481361D00D5C2D6 /* PresentationsEntity.swift in Sources */,
				5B28085D248253A100ED760E /* SpeakersPresentationsEntity.swift in Sources */,
				5BF1EBD12481358E00D5C2D6 /* AccomodationsEntity.swift in Sources */,
				5B28085C248253A100ED760E /* PresentationTypesEntity.swift in Sources */,
				5B4960F62423F2750037D3B9 /* AppDelegate.swift in Sources */,
				5BC1A78C244A2FCA00FE96CF /* SideMenuModalDelegate.swift in Sources */,
				5BF1EBDD2481364F00D5C2D6 /* SpeakersEntity.swift in Sources */,
				5B4C9ED2248036A600E86F73 /* ConferenceEntity.swift in Sources */,
				5BD6F4A024425F17002055CA /* SideMenuViewController.swift in Sources */,
				5BF1EBEF2481572400D5C2D6 /* MedicalPointInformationEntity.swift in Sources */,
				5B9B9D342451A5EC008CF7AE /* SponsorsCell.swift in Sources */,
				5B12AD45244CDF2100597F04 /* LocationTabBarViewController.swift in Sources */,
				5BF1EBE924814E8900D5C2D6 /* PresentationRateCriterionsEntity.swift in Sources */,
				5BF1EBF524815AF500D5C2D6 /* ConferenceRatesEntity.swift in Sources */,
				5B12AD3D244CDDAA00597F04 /* OrganizersViewController.swift in Sources */,
				5B2808552482537C00ED760E /* EmergencyNumbersEntity.swift in Sources */,
				5B84254024460160000EE795 /* EmergencyCell.swift in Sources */,
				5BF1EBEB24814F0200D5C2D6 /* PresentationRatesEntity.swift in Sources */,
				5B4960F82423F2750037D3B9 /* SceneDelegate.swift in Sources */,
				5B2808532482537C00ED760E /* ConferenceMedicalPointInformationEntity.swift in Sources */,
				5BF1EBDF2481366800D5C2D6 /* SponsorsEntity.swift in Sources */,
				5B84253E2445FF90000EE795 /* EmergencyViewController.swift in Sources */,
				5B2808522482537C00ED760E /* ConferenceRaitingEntity.swift in Sources */,
			);
			runOnlyForDeploymentPostprocessing = 0;
		};
		5B4961042423F2780037D3B9 /* Sources */ = {
			isa = PBXSourcesBuildPhase;
			buildActionMask = 2147483647;
			files = (
				5B49610D2423F2780037D3B9 /* ComputerNetworksConferenceTests.swift in Sources */,
			);
			runOnlyForDeploymentPostprocessing = 0;
		};
		5B49610F2423F2780037D3B9 /* Sources */ = {
			isa = PBXSourcesBuildPhase;
			buildActionMask = 2147483647;
			files = (
				5B4961182423F2780037D3B9 /* ComputerNetworksConferenceUITests.swift in Sources */,
			);
			runOnlyForDeploymentPostprocessing = 0;
		};
/* End PBXSourcesBuildPhase section */

/* Begin PBXTargetDependency section */
		5B49610A2423F2780037D3B9 /* PBXTargetDependency */ = {
			isa = PBXTargetDependency;
			target = 5B4960F12423F2750037D3B9 /* ComputerNetworksConference */;
			targetProxy = 5B4961092423F2780037D3B9 /* PBXContainerItemProxy */;
		};
		5B4961152423F2780037D3B9 /* PBXTargetDependency */ = {
			isa = PBXTargetDependency;
			target = 5B4960F12423F2750037D3B9 /* ComputerNetworksConference */;
			targetProxy = 5B4961142423F2780037D3B9 /* PBXContainerItemProxy */;
		};
/* End PBXTargetDependency section */

/* Begin PBXVariantGroup section */
		5B4960FB2423F2750037D3B9 /* Main.storyboard */ = {
			isa = PBXVariantGroup;
			children = (
				5B4960FC2423F2750037D3B9 /* Base */,
			);
			name = Main.storyboard;
			sourceTree = "<group>";
		};
		5B4961002423F2780037D3B9 /* LaunchScreen.storyboard */ = {
			isa = PBXVariantGroup;
			children = (
				5B4961012423F2780037D3B9 /* Base */,
			);
			name = LaunchScreen.storyboard;
			sourceTree = "<group>";
		};
/* End PBXVariantGroup section */

/* Begin XCBuildConfiguration section */
		5B49611A2423F2780037D3B9 /* Debug */ = {
			isa = XCBuildConfiguration;
			buildSettings = {
				ALWAYS_SEARCH_USER_PATHS = NO;
				CLANG_ANALYZER_NONNULL = YES;
				CLANG_ANALYZER_NUMBER_OBJECT_CONVERSION = YES_AGGRESSIVE;
				CLANG_CXX_LANGUAGE_STANDARD = "gnu++14";
				CLANG_CXX_LIBRARY = "libc++";
				CLANG_ENABLE_MODULES = YES;
				CLANG_ENABLE_OBJC_ARC = YES;
				CLANG_ENABLE_OBJC_WEAK = YES;
				CLANG_WARN_BLOCK_CAPTURE_AUTORELEASING = YES;
				CLANG_WARN_BOOL_CONVERSION = YES;
				CLANG_WARN_COMMA = YES;
				CLANG_WARN_CONSTANT_CONVERSION = YES;
				CLANG_WARN_DEPRECATED_OBJC_IMPLEMENTATIONS = YES;
				CLANG_WARN_DIRECT_OBJC_ISA_USAGE = YES_ERROR;
				CLANG_WARN_DOCUMENTATION_COMMENTS = YES;
				CLANG_WARN_EMPTY_BODY = YES;
				CLANG_WARN_ENUM_CONVERSION = YES;
				CLANG_WARN_INFINITE_RECURSION = YES;
				CLANG_WARN_INT_CONVERSION = YES;
				CLANG_WARN_NON_LITERAL_NULL_CONVERSION = YES;
				CLANG_WARN_OBJC_IMPLICIT_RETAIN_SELF = YES;
				CLANG_WARN_OBJC_LITERAL_CONVERSION = YES;
				CLANG_WARN_OBJC_ROOT_CLASS = YES_ERROR;
				CLANG_WARN_RANGE_LOOP_ANALYSIS = YES;
				CLANG_WARN_STRICT_PROTOTYPES = YES;
				CLANG_WARN_SUSPICIOUS_MOVE = YES;
				CLANG_WARN_UNGUARDED_AVAILABILITY = YES_AGGRESSIVE;
				CLANG_WARN_UNREACHABLE_CODE = YES;
				CLANG_WARN__DUPLICATE_METHOD_MATCH = YES;
				COPY_PHASE_STRIP = NO;
				DEBUG_INFORMATION_FORMAT = dwarf;
				ENABLE_STRICT_OBJC_MSGSEND = YES;
				ENABLE_TESTABILITY = YES;
				GCC_C_LANGUAGE_STANDARD = gnu11;
				GCC_DYNAMIC_NO_PIC = NO;
				GCC_NO_COMMON_BLOCKS = YES;
				GCC_OPTIMIZATION_LEVEL = 0;
				GCC_PREPROCESSOR_DEFINITIONS = (
					"DEBUG=1",
					"$(inherited)",
				);
				GCC_WARN_64_TO_32_BIT_CONVERSION = YES;
				GCC_WARN_ABOUT_RETURN_TYPE = YES_ERROR;
				GCC_WARN_UNDECLARED_SELECTOR = YES;
				GCC_WARN_UNINITIALIZED_AUTOS = YES_AGGRESSIVE;
				GCC_WARN_UNUSED_FUNCTION = YES;
				GCC_WARN_UNUSED_VARIABLE = YES;
				IPHONEOS_DEPLOYMENT_TARGET = 13.2;
				MTL_ENABLE_DEBUG_INFO = INCLUDE_SOURCE;
				MTL_FAST_MATH = YES;
				ONLY_ACTIVE_ARCH = YES;
				SDKROOT = iphoneos;
				SWIFT_ACTIVE_COMPILATION_CONDITIONS = DEBUG;
				SWIFT_OPTIMIZATION_LEVEL = "-Onone";
			};
			name = Debug;
		};
		5B49611B2423F2780037D3B9 /* Release */ = {
			isa = XCBuildConfiguration;
			buildSettings = {
				ALWAYS_SEARCH_USER_PATHS = NO;
				CLANG_ANALYZER_NONNULL = YES;
				CLANG_ANALYZER_NUMBER_OBJECT_CONVERSION = YES_AGGRESSIVE;
				CLANG_CXX_LANGUAGE_STANDARD = "gnu++14";
				CLANG_CXX_LIBRARY = "libc++";
				CLANG_ENABLE_MODULES = YES;
				CLANG_ENABLE_OBJC_ARC = YES;
				CLANG_ENABLE_OBJC_WEAK = YES;
				CLANG_WARN_BLOCK_CAPTURE_AUTORELEASING = YES;
				CLANG_WARN_BOOL_CONVERSION = YES;
				CLANG_WARN_COMMA = YES;
				CLANG_WARN_CONSTANT_CONVERSION = YES;
				CLANG_WARN_DEPRECATED_OBJC_IMPLEMENTATIONS = YES;
				CLANG_WARN_DIRECT_OBJC_ISA_USAGE = YES_ERROR;
				CLANG_WARN_DOCUMENTATION_COMMENTS = YES;
				CLANG_WARN_EMPTY_BODY = YES;
				CLANG_WARN_ENUM_CONVERSION = YES;
				CLANG_WARN_INFINITE_RECURSION = YES;
				CLANG_WARN_INT_CONVERSION = YES;
				CLANG_WARN_NON_LITERAL_NULL_CONVERSION = YES;
				CLANG_WARN_OBJC_IMPLICIT_RETAIN_SELF = YES;
				CLANG_WARN_OBJC_LITERAL_CONVERSION = YES;
				CLANG_WARN_OBJC_ROOT_CLASS = YES_ERROR;
				CLANG_WARN_RANGE_LOOP_ANALYSIS = YES;
				CLANG_WARN_STRICT_PROTOTYPES = YES;
				CLANG_WARN_SUSPICIOUS_MOVE = YES;
				CLANG_WARN_UNGUARDED_AVAILABILITY = YES_AGGRESSIVE;
				CLANG_WARN_UNREACHABLE_CODE = YES;
				CLANG_WARN__DUPLICATE_METHOD_MATCH = YES;
				COPY_PHASE_STRIP = NO;
				DEBUG_INFORMATION_FORMAT = "dwarf-with-dsym";
				ENABLE_NS_ASSERTIONS = NO;
				ENABLE_STRICT_OBJC_MSGSEND = YES;
				GCC_C_LANGUAGE_STANDARD = gnu11;
				GCC_NO_COMMON_BLOCKS = YES;
				GCC_WARN_64_TO_32_BIT_CONVERSION = YES;
				GCC_WARN_ABOUT_RETURN_TYPE = YES_ERROR;
				GCC_WARN_UNDECLARED_SELECTOR = YES;
				GCC_WARN_UNINITIALIZED_AUTOS = YES_AGGRESSIVE;
				GCC_WARN_UNUSED_FUNCTION = YES;
				GCC_WARN_UNUSED_VARIABLE = YES;
				IPHONEOS_DEPLOYMENT_TARGET = 13.2;
				MTL_ENABLE_DEBUG_INFO = NO;
				MTL_FAST_MATH = YES;
				SDKROOT = iphoneos;
				SWIFT_COMPILATION_MODE = wholemodule;
				SWIFT_OPTIMIZATION_LEVEL = "-O";
				VALIDATE_PRODUCT = YES;
			};
			name = Release;
		};
		5B49611D2423F2780037D3B9 /* Debug */ = {
			isa = XCBuildConfiguration;
			baseConfigurationReference = BF80D299D7D8A7B11FB8B1B4 /* Pods-ComputerNetworksConference.debug.xcconfig */;
			buildSettings = {
				ASSETCATALOG_COMPILER_APPICON_NAME = AppIcon;
				CODE_SIGN_STYLE = Automatic;
				INFOPLIST_FILE = ComputerNetworksConference/Info.plist;
				LD_RUNPATH_SEARCH_PATHS = (
					"$(inherited)",
					"@executable_path/Frameworks",
				);
				PRODUCT_BUNDLE_IDENTIFIER = otherCoders.ComputerNetworksConference;
				PRODUCT_NAME = "$(TARGET_NAME)";
				SWIFT_VERSION = 5.0;
				TARGETED_DEVICE_FAMILY = "1,2";
			};
			name = Debug;
		};
		5B49611E2423F2780037D3B9 /* Release */ = {
			isa = XCBuildConfiguration;
			baseConfigurationReference = 858315FF260231CE2F70DD94 /* Pods-ComputerNetworksConference.release.xcconfig */;
			buildSettings = {
				ASSETCATALOG_COMPILER_APPICON_NAME = AppIcon;
				CODE_SIGN_STYLE = Automatic;
				INFOPLIST_FILE = ComputerNetworksConference/Info.plist;
				LD_RUNPATH_SEARCH_PATHS = (
					"$(inherited)",
					"@executable_path/Frameworks",
				);
				PRODUCT_BUNDLE_IDENTIFIER = otherCoders.ComputerNetworksConference;
				PRODUCT_NAME = "$(TARGET_NAME)";
				SWIFT_VERSION = 5.0;
				TARGETED_DEVICE_FAMILY = "1,2";
			};
			name = Release;
		};
		5B4961202423F2780037D3B9 /* Debug */ = {
			isa = XCBuildConfiguration;
			buildSettings = {
				ALWAYS_EMBED_SWIFT_STANDARD_LIBRARIES = YES;
				BUNDLE_LOADER = "$(TEST_HOST)";
				CODE_SIGN_STYLE = Automatic;
				INFOPLIST_FILE = ComputerNetworksConferenceTests/Info.plist;
				IPHONEOS_DEPLOYMENT_TARGET = 13.2;
				LD_RUNPATH_SEARCH_PATHS = (
					"$(inherited)",
					"@executable_path/Frameworks",
					"@loader_path/Frameworks",
				);
				PRODUCT_BUNDLE_IDENTIFIER = otherCoders.ComputerNetworksConferenceTests;
				PRODUCT_NAME = "$(TARGET_NAME)";
				SWIFT_VERSION = 5.0;
				TARGETED_DEVICE_FAMILY = "1,2";
				TEST_HOST = "$(BUILT_PRODUCTS_DIR)/ComputerNetworksConference.app/ComputerNetworksConference";
			};
			name = Debug;
		};
		5B4961212423F2780037D3B9 /* Release */ = {
			isa = XCBuildConfiguration;
			buildSettings = {
				ALWAYS_EMBED_SWIFT_STANDARD_LIBRARIES = YES;
				BUNDLE_LOADER = "$(TEST_HOST)";
				CODE_SIGN_STYLE = Automatic;
				INFOPLIST_FILE = ComputerNetworksConferenceTests/Info.plist;
				IPHONEOS_DEPLOYMENT_TARGET = 13.2;
				LD_RUNPATH_SEARCH_PATHS = (
					"$(inherited)",
					"@executable_path/Frameworks",
					"@loader_path/Frameworks",
				);
				PRODUCT_BUNDLE_IDENTIFIER = otherCoders.ComputerNetworksConferenceTests;
				PRODUCT_NAME = "$(TARGET_NAME)";
				SWIFT_VERSION = 5.0;
				TARGETED_DEVICE_FAMILY = "1,2";
				TEST_HOST = "$(BUILT_PRODUCTS_DIR)/ComputerNetworksConference.app/ComputerNetworksConference";
			};
			name = Release;
		};
		5B4961232423F2780037D3B9 /* Debug */ = {
			isa = XCBuildConfiguration;
			buildSettings = {
				ALWAYS_EMBED_SWIFT_STANDARD_LIBRARIES = YES;
				CODE_SIGN_STYLE = Automatic;
				INFOPLIST_FILE = ComputerNetworksConferenceUITests/Info.plist;
				LD_RUNPATH_SEARCH_PATHS = (
					"$(inherited)",
					"@executable_path/Frameworks",
					"@loader_path/Frameworks",
				);
				PRODUCT_BUNDLE_IDENTIFIER = otherCoders.ComputerNetworksConferenceUITests;
				PRODUCT_NAME = "$(TARGET_NAME)";
				SWIFT_VERSION = 5.0;
				TARGETED_DEVICE_FAMILY = "1,2";
				TEST_TARGET_NAME = ComputerNetworksConference;
			};
			name = Debug;
		};
		5B4961242423F2780037D3B9 /* Release */ = {
			isa = XCBuildConfiguration;
			buildSettings = {
				ALWAYS_EMBED_SWIFT_STANDARD_LIBRARIES = YES;
				CODE_SIGN_STYLE = Automatic;
				INFOPLIST_FILE = ComputerNetworksConferenceUITests/Info.plist;
				LD_RUNPATH_SEARCH_PATHS = (
					"$(inherited)",
					"@executable_path/Frameworks",
					"@loader_path/Frameworks",
				);
				PRODUCT_BUNDLE_IDENTIFIER = otherCoders.ComputerNetworksConferenceUITests;
				PRODUCT_NAME = "$(TARGET_NAME)";
				SWIFT_VERSION = 5.0;
				TARGETED_DEVICE_FAMILY = "1,2";
				TEST_TARGET_NAME = ComputerNetworksConference;
			};
			name = Release;
		};
/* End XCBuildConfiguration section */

/* Begin XCConfigurationList section */
		5B4960ED2423F2750037D3B9 /* Build configuration list for PBXProject "ComputerNetworksConference" */ = {
			isa = XCConfigurationList;
			buildConfigurations = (
				5B49611A2423F2780037D3B9 /* Debug */,
				5B49611B2423F2780037D3B9 /* Release */,
			);
			defaultConfigurationIsVisible = 0;
			defaultConfigurationName = Release;
		};
		5B49611C2423F2780037D3B9 /* Build configuration list for PBXNativeTarget "ComputerNetworksConference" */ = {
			isa = XCConfigurationList;
			buildConfigurations = (
				5B49611D2423F2780037D3B9 /* Debug */,
				5B49611E2423F2780037D3B9 /* Release */,
			);
			defaultConfigurationIsVisible = 0;
			defaultConfigurationName = Release;
		};
		5B49611F2423F2780037D3B9 /* Build configuration list for PBXNativeTarget "ComputerNetworksConferenceTests" */ = {
			isa = XCConfigurationList;
			buildConfigurations = (
				5B4961202423F2780037D3B9 /* Debug */,
				5B4961212423F2780037D3B9 /* Release */,
			);
			defaultConfigurationIsVisible = 0;
			defaultConfigurationName = Release;
		};
		5B4961222423F2780037D3B9 /* Build configuration list for PBXNativeTarget "ComputerNetworksConferenceUITests" */ = {
			isa = XCConfigurationList;
			buildConfigurations = (
				5B4961232423F2780037D3B9 /* Debug */,
				5B4961242423F2780037D3B9 /* Release */,
			);
			defaultConfigurationIsVisible = 0;
			defaultConfigurationName = Release;
		};
/* End XCConfigurationList section */
	};
	rootObject = 5B4960EA2423F2750037D3B9 /* Project object */;
}
